
Microsoft Visual Studio Solution File, Format Version 12.00
# Visual Studio Version 17
VisualStudioVersion = 17.6.33723.286
MinimumVisualStudioVersion = 10.0.40219.1
Project("{9A19103F-16F7-4668-BE54-9A1E7A4F7556}") = "AdapterPattern_1216098", "AdapterPattern_1216098.csproj", "{FE99AC36-47C0-4C8C-B446-5D0DCCB62CA4}"
EndProject
Global
	GlobalSection(SolutionConfigurationPlatforms) = preSolution
		Debug|Any CPU = Debug|Any CPU
		Release|Any CPU = Release|Any CPU
	EndGlobalSection
	GlobalSection(ProjectConfigurationPlatforms) = postSolution
		{FE99AC36-47C0-4C8C-B446-5D0DCCB62CA4}.Debug|Any CPU.ActiveCfg = Debug|Any CPU
		{FE99AC36-47C0-4C8C-B446-5D0DCCB62CA4}.Debug|Any CPU.Build.0 = Debug|Any CPU
		{FE99AC36-47C0-4C8C-B446-5D0DCCB62CA4}.Release|Any CPU.ActiveCfg = Release|Any CPU
		{FE99AC36-47C0-4C8C-B446-5D0DCCB62CA4}.Release|Any CPU.Build.0 = Release|Any CPU
	EndGlobalSection
	GlobalSection(SolutionProperties) = preSolution
		HideSolutionNode = FALSE
	EndGlobalSection
	GlobalSection(ExtensibilityGlobals) = postSolution
		SolutionGuid = {3CD1C3DC-0930-415A-BF55-C44765AC6935}
	EndGlobalSection
EndGlobal
