
Microsoft Visual Studio Solution File, Format Version 12.00
# Visual Studio Version 17
VisualStudioVersion = 17.7.34031.279
MinimumVisualStudioVersion = 10.0.40219.1
Project("{FAE04EC0-301F-11D3-BF4B-00C04F79EFBC}") = "PrototypePattern_1216098", "PrototypePattern_1216098.csproj", "{B483A49D-F89B-48FB-AF2B-744F6C931A2E}"
EndProject
Global
	GlobalSection(SolutionConfigurationPlatforms) = preSolution
		Debug|Any CPU = Debug|Any CPU
		Release|Any CPU = Release|Any CPU
	EndGlobalSection
	GlobalSection(ProjectConfigurationPlatforms) = postSolution
		{B483A49D-F89B-48FB-AF2B-744F6C931A2E}.Debug|Any CPU.ActiveCfg = Debug|Any CPU
		{B483A49D-F89B-48FB-AF2B-744F6C931A2E}.Debug|Any CPU.Build.0 = Debug|Any CPU
		{B483A49D-F89B-48FB-AF2B-744F6C931A2E}.Release|Any CPU.ActiveCfg = Release|Any CPU
		{B483A49D-F89B-48FB-AF2B-744F6C931A2E}.Release|Any CPU.Build.0 = Release|Any CPU
	EndGlobalSection
	GlobalSection(SolutionProperties) = preSolution
		HideSolutionNode = FALSE
	EndGlobalSection
	GlobalSection(ExtensibilityGlobals) = postSolution
		SolutionGuid = {35C6C176-75D2-46C4-A3EB-D3E7A63C9DF9}
	EndGlobalSection
EndGlobal
