
Microsoft Visual Studio Solution File, Format Version 12.00
# Visual Studio Version 17
VisualStudioVersion = 17.7.34031.279
MinimumVisualStudioVersion = 10.0.40219.1
Project("{FAE04EC0-301F-11D3-BF4B-00C04F79EFBC}") = "Abstraction_1216098", "Abstraction_1216098.csproj", "{4D55623F-DB03-4DED-915F-CA73591A2E21}"
EndProject
Global
	GlobalSection(SolutionConfigurationPlatforms) = preSolution
		Debug|Any CPU = Debug|Any CPU
		Release|Any CPU = Release|Any CPU
	EndGlobalSection
	GlobalSection(ProjectConfigurationPlatforms) = postSolution
		{4D55623F-DB03-4DED-915F-CA73591A2E21}.Debug|Any CPU.ActiveCfg = Debug|Any CPU
		{4D55623F-DB03-4DED-915F-CA73591A2E21}.Debug|Any CPU.Build.0 = Debug|Any CPU
		{4D55623F-DB03-4DED-915F-CA73591A2E21}.Release|Any CPU.ActiveCfg = Release|Any CPU
		{4D55623F-DB03-4DED-915F-CA73591A2E21}.Release|Any CPU.Build.0 = Release|Any CPU
	EndGlobalSection
	GlobalSection(SolutionProperties) = preSolution
		HideSolutionNode = FALSE
	EndGlobalSection
	GlobalSection(ExtensibilityGlobals) = postSolution
		SolutionGuid = {0E4FEE68-AD16-4F6F-BF66-564623CB8625}
	EndGlobalSection
EndGlobal
